
Microsoft Visual Studio Solution File, Format Version 12.00
# Visual Studio Version 17
VisualStudioVersion = 17.7.34024.191
MinimumVisualStudioVersion = 10.0.40219.1
Project("{FAE04EC0-301F-11D3-BF4B-00C04F79EFBC}") = "FullScreenExit_DesktopGL", "FullScreenExit_DesktopGL.csproj", "{C75C7AFC-CD10-4A28-8DD7-C3F50CDE1DD3}"
EndProject
Global
	GlobalSection(SolutionConfigurationPlatforms) = preSolution
		Debug|Any CPU = Debug|Any CPU
		Release|Any CPU = Release|Any CPU
	EndGlobalSection
	GlobalSection(ProjectConfigurationPlatforms) = postSolution
		{C75C7AFC-CD10-4A28-8DD7-C3F50CDE1DD3}.Debug|Any CPU.ActiveCfg = Debug|Any CPU
		{C75C7AFC-CD10-4A28-8DD7-C3F50CDE1DD3}.Debug|Any CPU.Build.0 = Debug|Any CPU
		{C75C7AFC-CD10-4A28-8DD7-C3F50CDE1DD3}.Release|Any CPU.ActiveCfg = Release|Any CPU
		{C75C7AFC-CD10-4A28-8DD7-C3F50CDE1DD3}.Release|Any CPU.Build.0 = Release|Any CPU
	EndGlobalSection
	GlobalSection(SolutionProperties) = preSolution
		HideSolutionNode = FALSE
	EndGlobalSection
	GlobalSection(ExtensibilityGlobals) = postSolution
		SolutionGuid = {47A6F8D4-EB71-4F2B-894E-D5C4733919CB}
	EndGlobalSection
EndGlobal
